# This file is automatically @generated by Cargo.
# It is not intended for manual editing.
version = 4

[[package]]
name = "b10x-canon"
version = "0.0.0"
source = "git+https://github.com/beyond10x/canon?branch=main#cf29c4b974feb3ac000ad8ad227451674b1fe99a"

[[package]]
name = "b10x-commission"
version = "0.0.0"
source = "git+https://github.com/beyond10x/commission?branch=main#652537e27232a2b764b60ef43f568c3d13b9d8ca"
dependencies = [
 "b10x-canon",
]

[[package]]
name = "b10x-loom"
version = "0.0.0"
dependencies = [
 "b10x-canon",
 "b10x-commission",
]
